
Microsoft Visual Studio Solution File, Format Version 12.00
# Visual Studio Version 17
VisualStudioVersion = 17.8.34316.72
MinimumVisualStudioVersion = 10.0.40219.1
Project("{FAE04EC0-301F-11D3-BF4B-00C04F79EFBC}") = "ConsoleAppTDD", "ConsoleAppTDD.csproj", "{4672235C-6E95-4194-97A7-DA0F93312FC4}"
EndProject
Project("{FAE04EC0-301F-11D3-BF4B-00C04F79EFBC}") = "ConsoleAppTDD.Tests", "..\ConsoleAppTDD.Tests\ConsoleAppTDD.Tests.csproj", "{0037BFAC-5E77-4A8E-A723-2306EAA68A54}"
EndProject
Global
	GlobalSection(SolutionConfigurationPlatforms) = preSolution
		Debug|Any CPU = Debug|Any CPU
		Release|Any CPU = Release|Any CPU
	EndGlobalSection
	GlobalSection(ProjectConfigurationPlatforms) = postSolution
		{4672235C-6E95-4194-97A7-DA0F93312FC4}.Debug|Any CPU.ActiveCfg = Debug|Any CPU
		{4672235C-6E95-4194-97A7-DA0F93312FC4}.Debug|Any CPU.Build.0 = Debug|Any CPU
		{4672235C-6E95-4194-97A7-DA0F93312FC4}.Release|Any CPU.ActiveCfg = Release|Any CPU
		{4672235C-6E95-4194-97A7-DA0F93312FC4}.Release|Any CPU.Build.0 = Release|Any CPU
		{0037BFAC-5E77-4A8E-A723-2306EAA68A54}.Debug|Any CPU.ActiveCfg = Debug|Any CPU
		{0037BFAC-5E77-4A8E-A723-2306EAA68A54}.Debug|Any CPU.Build.0 = Debug|Any CPU
		{0037BFAC-5E77-4A8E-A723-2306EAA68A54}.Release|Any CPU.ActiveCfg = Release|Any CPU
		{0037BFAC-5E77-4A8E-A723-2306EAA68A54}.Release|Any CPU.Build.0 = Release|Any CPU
	EndGlobalSection
	GlobalSection(SolutionProperties) = preSolution
		HideSolutionNode = FALSE
	EndGlobalSection
	GlobalSection(ExtensibilityGlobals) = postSolution
		SolutionGuid = {8C995847-9919-4980-AC51-AAAEBF5D2CFA}
	EndGlobalSection
EndGlobal
